
Microsoft Visual Studio Solution File, Format Version 12.00
# Visual Studio 15
VisualStudioVersion = 15.0.27130.2026
MinimumVisualStudioVersion = 10.0.40219.1
Project("{FAE04EC0-301F-11D3-BF4B-00C04F79EFBC}") = "day_2_1", "day_2_1\day_2_1.csproj", "{8E839CBC-1504-4112-87AA-24598C462E1B}"
EndProject
Global
	GlobalSection(SolutionConfigurationPlatforms) = preSolution
		Debug|Any CPU = Debug|Any CPU
		Release|Any CPU = Release|Any CPU
	EndGlobalSection
	GlobalSection(ProjectConfigurationPlatforms) = postSolution
		{8E839CBC-1504-4112-87AA-24598C462E1B}.Debug|Any CPU.ActiveCfg = Debug|Any CPU
		{8E839CBC-1504-4112-87AA-24598C462E1B}.Debug|Any CPU.Build.0 = Debug|Any CPU
		{8E839CBC-1504-4112-87AA-24598C462E1B}.Release|Any CPU.ActiveCfg = Release|Any CPU
		{8E839CBC-1504-4112-87AA-24598C462E1B}.Release|Any CPU.Build.0 = Release|Any CPU
	EndGlobalSection
	GlobalSection(SolutionProperties) = preSolution
		HideSolutionNode = FALSE
	EndGlobalSection
	GlobalSection(ExtensibilityGlobals) = postSolution
		SolutionGuid = {11C1FC0B-2B61-41B2-A1FC-C8371AD5297B}
	EndGlobalSection
EndGlobal
